
Microsoft Visual Studio Solution File, Format Version 12.00
# Visual Studio Version 16
VisualStudioVersion = 16.0.30413.136
MinimumVisualStudioVersion = 10.0.40219.1
Project("{FAE04EC0-301F-11D3-BF4B-00C04F79EFBC}") = "ConsoleApp1", "ConsoleApp1\ConsoleApp1.csproj", "{781631CB-1835-41A2-BC18-EF62202BA21A}"
EndProject
Project("{FAE04EC0-301F-11D3-BF4B-00C04F79EFBC}") = "TracerLibrary", "TracerLibrary\TracerLibrary.csproj", "{4A3E7C41-3373-45E6-B0B1-BE2112836385}"
EndProject
Project("{FAE04EC0-301F-11D3-BF4B-00C04F79EFBC}") = "TracerUnitTests", "TracerUnitTests\TracerUnitTests.csproj", "{DFA1EA60-40F4-4F49-B3FF-07119ABC8DF8}"
EndProject
Global
	GlobalSection(SolutionConfigurationPlatforms) = preSolution
		Debug|Any CPU = Debug|Any CPU
		Release|Any CPU = Release|Any CPU
	EndGlobalSection
	GlobalSection(ProjectConfigurationPlatforms) = postSolution
		{781631CB-1835-41A2-BC18-EF62202BA21A}.Debug|Any CPU.ActiveCfg = Debug|Any CPU
		{781631CB-1835-41A2-BC18-EF62202BA21A}.Debug|Any CPU.Build.0 = Debug|Any CPU
		{781631CB-1835-41A2-BC18-EF62202BA21A}.Release|Any CPU.ActiveCfg = Release|Any CPU
		{781631CB-1835-41A2-BC18-EF62202BA21A}.Release|Any CPU.Build.0 = Release|Any CPU
		{4A3E7C41-3373-45E6-B0B1-BE2112836385}.Debug|Any CPU.ActiveCfg = Debug|Any CPU
		{4A3E7C41-3373-45E6-B0B1-BE2112836385}.Debug|Any CPU.Build.0 = Debug|Any CPU
		{4A3E7C41-3373-45E6-B0B1-BE2112836385}.Release|Any CPU.ActiveCfg = Release|Any CPU
		{4A3E7C41-3373-45E6-B0B1-BE2112836385}.Release|Any CPU.Build.0 = Release|Any CPU
		{DFA1EA60-40F4-4F49-B3FF-07119ABC8DF8}.Debug|Any CPU.ActiveCfg = Debug|Any CPU
		{DFA1EA60-40F4-4F49-B3FF-07119ABC8DF8}.Debug|Any CPU.Build.0 = Debug|Any CPU
		{DFA1EA60-40F4-4F49-B3FF-07119ABC8DF8}.Release|Any CPU.ActiveCfg = Release|Any CPU
		{DFA1EA60-40F4-4F49-B3FF-07119ABC8DF8}.Release|Any CPU.Build.0 = Release|Any CPU
	EndGlobalSection
	GlobalSection(SolutionProperties) = preSolution
		HideSolutionNode = FALSE
	EndGlobalSection
	GlobalSection(ExtensibilityGlobals) = postSolution
		SolutionGuid = {9B473708-E8BC-475C-B961-6A4B4D24E3EF}
	EndGlobalSection
EndGlobal
